
Microsoft Visual Studio Solution File, Format Version 12.00
# Visual Studio Version 17
VisualStudioVersion = 17.9.34607.119
MinimumVisualStudioVersion = 10.0.40219.1
Project("{8BC9CEB8-8B4A-11D0-8D11-00A0C91BC942}") = "19Maret", "19Maret.vcxproj", "{529AADE7-2F4E-426D-872A-6277FCACF0F3}"
EndProject
Project("{8BC9CEB8-8B4A-11D0-8D11-00A0C91BC942}") = "Menghitung Luas Persegi", "Menghitung Luas Persegi\Menghitung Luas Persegi.vcxproj", "{069272DD-A08C-4C65-8C42-32C04B797361}"
EndProject
Project("{8BC9CEB8-8B4A-11D0-8D11-00A0C91BC942}") = "Looping Kalimat", "Looping Kalimat\Looping Kalimat.vcxproj", "{E2386A76-C5AC-41E4-86EA-42014F2BEA2F}"
EndProject
Project("{8BC9CEB8-8B4A-11D0-8D11-00A0C91BC942}") = "Looping While", "Looping While\Looping While.vcxproj", "{3A44BF98-3F91-4BB4-98D5-1ADEBA822BDA}"
EndProject
Global
	GlobalSection(SolutionConfigurationPlatforms) = preSolution
		Debug|x64 = Debug|x64
		Debug|x86 = Debug|x86
		Release|x64 = Release|x64
		Release|x86 = Release|x86
	EndGlobalSection
	GlobalSection(ProjectConfigurationPlatforms) = postSolution
		{529AADE7-2F4E-426D-872A-6277FCACF0F3}.Debug|x64.ActiveCfg = Debug|x64
		{529AADE7-2F4E-426D-872A-6277FCACF0F3}.Debug|x64.Build.0 = Debug|x64
		{529AADE7-2F4E-426D-872A-6277FCACF0F3}.Debug|x86.ActiveCfg = Debug|Win32
		{529AADE7-2F4E-426D-872A-6277FCACF0F3}.Debug|x86.Build.0 = Debug|Win32
		{529AADE7-2F4E-426D-872A-6277FCACF0F3}.Release|x64.ActiveCfg = Release|x64
		{529AADE7-2F4E-426D-872A-6277FCACF0F3}.Release|x64.Build.0 = Release|x64
		{529AADE7-2F4E-426D-872A-6277FCACF0F3}.Release|x86.ActiveCfg = Release|Win32
		{529AADE7-2F4E-426D-872A-6277FCACF0F3}.Release|x86.Build.0 = Release|Win32
		{069272DD-A08C-4C65-8C42-32C04B797361}.Debug|x64.ActiveCfg = Debug|x64
		{069272DD-A08C-4C65-8C42-32C04B797361}.Debug|x64.Build.0 = Debug|x64
		{069272DD-A08C-4C65-8C42-32C04B797361}.Debug|x86.ActiveCfg = Debug|Win32
		{069272DD-A08C-4C65-8C42-32C04B797361}.Debug|x86.Build.0 = Debug|Win32
		{069272DD-A08C-4C65-8C42-32C04B797361}.Release|x64.ActiveCfg = Release|x64
		{069272DD-A08C-4C65-8C42-32C04B797361}.Release|x64.Build.0 = Release|x64
		{069272DD-A08C-4C65-8C42-32C04B797361}.Release|x86.ActiveCfg = Release|Win32
		{069272DD-A08C-4C65-8C42-32C04B797361}.Release|x86.Build.0 = Release|Win32
		{E2386A76-C5AC-41E4-86EA-42014F2BEA2F}.Debug|x64.ActiveCfg = Debug|x64
		{E2386A76-C5AC-41E4-86EA-42014F2BEA2F}.Debug|x64.Build.0 = Debug|x64
		{E2386A76-C5AC-41E4-86EA-42014F2BEA2F}.Debug|x86.ActiveCfg = Debug|Win32
		{E2386A76-C5AC-41E4-86EA-42014F2BEA2F}.Debug|x86.Build.0 = Debug|Win32
		{E2386A76-C5AC-41E4-86EA-42014F2BEA2F}.Release|x64.ActiveCfg = Release|x64
		{E2386A76-C5AC-41E4-86EA-42014F2BEA2F}.Release|x64.Build.0 = Release|x64
		{E2386A76-C5AC-41E4-86EA-42014F2BEA2F}.Release|x86.ActiveCfg = Release|Win32
		{E2386A76-C5AC-41E4-86EA-42014F2BEA2F}.Release|x86.Build.0 = Release|Win32
		{3A44BF98-3F91-4BB4-98D5-1ADEBA822BDA}.Debug|x64.ActiveCfg = Debug|x64
		{3A44BF98-3F91-4BB4-98D5-1ADEBA822BDA}.Debug|x64.Build.0 = Debug|x64
		{3A44BF98-3F91-4BB4-98D5-1ADEBA822BDA}.Debug|x86.ActiveCfg = Debug|Win32
		{3A44BF98-3F91-4BB4-98D5-1ADEBA822BDA}.Debug|x86.Build.0 = Debug|Win32
		{3A44BF98-3F91-4BB4-98D5-1ADEBA822BDA}.Release|x64.ActiveCfg = Release|x64
		{3A44BF98-3F91-4BB4-98D5-1ADEBA822BDA}.Release|x64.Build.0 = Release|x64
		{3A44BF98-3F91-4BB4-98D5-1ADEBA822BDA}.Release|x86.ActiveCfg = Release|Win32
		{3A44BF98-3F91-4BB4-98D5-1ADEBA822BDA}.Release|x86.Build.0 = Release|Win32
	EndGlobalSection
	GlobalSection(SolutionProperties) = preSolution
		HideSolutionNode = FALSE
	EndGlobalSection
	GlobalSection(ExtensibilityGlobals) = postSolution
		SolutionGuid = {7D9ADAA2-379A-4266-9ED3-EA0B9DAC6B4F}
	EndGlobalSection
EndGlobal
